
Microsoft Visual Studio Solution File, Format Version 12.00
# Visual Studio Version 16
VisualStudioVersion = 16.0.29728.190
MinimumVisualStudioVersion = 10.0.40219.1
Project("{FAE04EC0-301F-11D3-BF4B-00C04F79EFBC}") = "aimtrain", "aimtrain.csproj", "{F613ABDA-7690-48D3-9215-36AE394A7D22}"
EndProject
Global
	GlobalSection(SolutionConfigurationPlatforms) = preSolution
		Debug|Any CPU = Debug|Any CPU
		Release|Any CPU = Release|Any CPU
	EndGlobalSection
	GlobalSection(ProjectConfigurationPlatforms) = postSolution
		{F613ABDA-7690-48D3-9215-36AE394A7D22}.Debug|Any CPU.ActiveCfg = Debug|Any CPU
		{F613ABDA-7690-48D3-9215-36AE394A7D22}.Debug|Any CPU.Build.0 = Debug|Any CPU
		{F613ABDA-7690-48D3-9215-36AE394A7D22}.Release|Any CPU.ActiveCfg = Release|Any CPU
		{F613ABDA-7690-48D3-9215-36AE394A7D22}.Release|Any CPU.Build.0 = Release|Any CPU
	EndGlobalSection
	GlobalSection(SolutionProperties) = preSolution
		HideSolutionNode = FALSE
	EndGlobalSection
	GlobalSection(ExtensibilityGlobals) = postSolution
		SolutionGuid = {88EFAFE1-A2FA-4370-8A96-A182B7CA2921}
	EndGlobalSection
EndGlobal
